Microsoft Visual Studio Solution File, Format Version 12.00
# Visual Studio Version 17
VisualStudioVersion = 17.5.2.0
MinimumVisualStudioVersion = 10.0.40219.1
Project("{FAE04EC0-301F-11D3-BF4B-00C04F79EFBC}") = "myGrades", "myGrades.csproj", "{1ABCB722-7A8F-D5FF-45E3-F52DD761623D}"
EndProject
Global
	GlobalSection(SolutionConfigurationPlatforms) = preSolution
		Debug|Any CPU = Debug|Any CPU
		Release|Any CPU = Release|Any CPU
	EndGlobalSection
	GlobalSection(ProjectConfigurationPlatforms) = postSolution
		{1ABCB722-7A8F-D5FF-45E3-F52DD761623D}.Debug|Any CPU.ActiveCfg = Debug|Any CPU
		{1ABCB722-7A8F-D5FF-45E3-F52DD761623D}.Debug|Any CPU.Build.0 = Debug|Any CPU
		{1ABCB722-7A8F-D5FF-45E3-F52DD761623D}.Release|Any CPU.ActiveCfg = Release|Any CPU
		{1ABCB722-7A8F-D5FF-45E3-F52DD761623D}.Release|Any CPU.Build.0 = Release|Any CPU
	EndGlobalSection
	GlobalSection(SolutionProperties) = preSolution
		HideSolutionNode = FALSE
	EndGlobalSection
	GlobalSection(ExtensibilityGlobals) = postSolution
		SolutionGuid = {3C15B822-DFFD-43C6-8CB8-DDDA4B6433CD}
	EndGlobalSection
EndGlobal
