Microsoft Visual Studio Solution File, Format Version 12.00
# Visual Studio Version 17
VisualStudioVersion = 17.5.2.0
MinimumVisualStudioVersion = 10.0.40219.1
Project("{FAE04EC0-301F-11D3-BF4B-00C04F79EFBC}") = "myDataAnalyzer", "myDataAnalyzer.csproj", "{EDF12CD8-F132-3992-E6FC-4F978A40E25C}"
EndProject
Global
	GlobalSection(SolutionConfigurationPlatforms) = preSolution
		Debug|Any CPU = Debug|Any CPU
		Release|Any CPU = Release|Any CPU
	EndGlobalSection
	GlobalSection(ProjectConfigurationPlatforms) = postSolution
		{EDF12CD8-F132-3992-E6FC-4F978A40E25C}.Debug|Any CPU.ActiveCfg = Debug|Any CPU
		{EDF12CD8-F132-3992-E6FC-4F978A40E25C}.Debug|Any CPU.Build.0 = Debug|Any CPU
		{EDF12CD8-F132-3992-E6FC-4F978A40E25C}.Release|Any CPU.ActiveCfg = Release|Any CPU
		{EDF12CD8-F132-3992-E6FC-4F978A40E25C}.Release|Any CPU.Build.0 = Release|Any CPU
	EndGlobalSection
	GlobalSection(SolutionProperties) = preSolution
		HideSolutionNode = FALSE
	EndGlobalSection
	GlobalSection(ExtensibilityGlobals) = postSolution
		SolutionGuid = {C21A2B02-73CC-4444-8B0C-BC4FAD136B82}
	EndGlobalSection
EndGlobal
